// !$*UTF8*$!
{
	archiveVersion = 1;
	classes = {
	};
	objectVersion = 90;
	objects = {

/* Begin PBXBuildFile section */
		4FC8893F2F5AC17000DC035E /* GRPCCore in Frameworks */ = {isa = PBXBuildFile; productRef = 4FC8893E2F5AC17000DC035E /* GRPCCore */; };
		4FC889422F5AC1C900DC035E /* GRPCProtobuf in Frameworks */ = {isa = PBXBuildFile; productRef = 4FC889412F5AC1C900DC035E /* GRPCProtobuf */; };
		4FC889452F5AC22300DC035E /* GRPCNIOTransportHTTP2 in Frameworks */ = {isa = PBXBuildFile; productRef = 4FC889442F5AC22300DC035E /* GRPCNIOTransportHTTP2 */; };
		AABB00022222333344445555 /* Sparkle in Frameworks */ = {isa = PBXBuildFile; productRef = AABB00032222333344445555 /* Sparkle */; };
/* End PBXBuildFile section */

/* Begin PBXFileReference section */
		4FC8890E2F59C09700DC035E /* BusKit.app */ = {isa = PBXFileReference; explicitFileType = wrapper.application; includeInIndex = 0; path = BusKit.app; sourceTree = BUILT_PRODUCTS_DIR; };
		6F94B72AAAA44ABCB6E691A0 /* SidecarBin */ = {isa = PBXFileReference; lastKnownFileType = folder; path = SidecarBin; sourceTree = "<group>"; };
/* End PBXFileReference section */

/* Begin PBXFileSystemSynchronizedRootGroup section */
		4FC889102F59C09700DC035E /* BusKit */ = {
			isa = PBXFileSystemSynchronizedRootGroup;
			path = BusKit;
			sourceTree = "<group>";
		};
/* End PBXFileSystemSynchronizedRootGroup section */

/* Begin PBXFrameworksBuildPhase section */
		4FC8890B2F59C09700DC035E /* Frameworks */ = {
			isa = PBXFrameworksBuildPhase;
			files = (
				4FC889452F5AC22300DC035E /* GRPCNIOTransportHTTP2 in Frameworks */,
				4FC8893F2F5AC17000DC035E /* GRPCCore in Frameworks */,
				4FC889422F5AC1C900DC035E /* GRPCProtobuf in Frameworks */,
				AABB00022222333344445555 /* Sparkle in Frameworks */,
			);
		};
/* End PBXFrameworksBuildPhase section */

/* Begin PBXGroup section */
		4FC889052F59C09700DC035E = {
			isa = PBXGroup;
			children = (
				6F94B72AAAA44ABCB6E691A0 /* SidecarBin */,
				4FC889102F59C09700DC035E /* BusKit */,
				4FC8890F2F59C09700DC035E /* Products */,
			);
			sourceTree = "<group>";
		};
		4FC8890F2F59C09700DC035E /* Products */ = {
			isa = PBXGroup;
			children = (
				4FC8890E2F59C09700DC035E /* BusKit.app */,
			);
			name = Products;
			sourceTree = "<group>";
		};
/* End PBXGroup section */

/* Begin PBXNativeTarget section */
		4FC8890D2F59C09700DC035E /* BusKit */ = {
			isa = PBXNativeTarget;
			buildConfigurationList = 4FC889192F59C09800DC035E /* Build configuration list for PBXNativeTarget "BusKit" */;
			buildPhases = (
				D56E9D3707B04D03A2FA3ADD /* Build Sidecar */,
				4FC8890A2F59C09700DC035E /* Sources */,
				4FC8890B2F59C09700DC035E /* Frameworks */,
				4FC8890C2F59C09700DC035E /* Resources */,
				98A415F9974E4775A4C4E673 /* Inject Sparkle Info.plist Keys */,
			);
			buildRules = (
			);
			fileSystemSynchronizedGroups = (
				4FC889102F59C09700DC035E /* BusKit */,
			);
			name = BusKit;
			packageProductDependencies = (
				4FC8893E2F5AC17000DC035E /* GRPCCore */,
				4FC889412F5AC1C900DC035E /* GRPCProtobuf */,
				4FC889442F5AC22300DC035E /* GRPCNIOTransportHTTP2 */,
				AABB00032222333344445555 /* Sparkle */,
			);
			productName = BusKit;
			productReference = 4FC8890E2F59C09700DC035E /* BusKit.app */;
			productType = "com.apple.product-type.application";
		};
/* End PBXNativeTarget section */

/* Begin PBXProject section */
		4FC889062F59C09700DC035E /* Project object */ = {
			isa = PBXProject;
			attributes = {
				BuildIndependentTargetsInParallel = 1;
				LastSwiftUpdateCheck = 2620;
				LastUpgradeCheck = 2640;
				ORGANIZATIONNAME = "";
				TargetAttributes = {
					4FC8890D2F59C09700DC035E = {
						CreatedOnToolsVersion = 26.2;
					};
				};
			};
			buildConfigurationList = 4FC889092F59C09700DC035E /* Build configuration list for PBXProject "BusKit" */;
			developmentRegion = en;
			hasScannedForEncodings = 0;
			knownRegions = (
				en,
				Base,
			);
			mainGroup = 4FC889052F59C09700DC035E;
			minimizedProjectReferenceProxies = 1;
			packageReferences = (
				4FC8893D2F5AC17000DC035E /* XCRemoteSwiftPackageReference "grpc-swift-2" */,
				4FC889402F5AC1C900DC035E /* XCRemoteSwiftPackageReference "grpc-swift-protobuf" */,
				4FC889432F5AC22300DC035E /* XCRemoteSwiftPackageReference "grpc-swift-nio-transport" */,
				AABB00012222333344445555 /* XCRemoteSwiftPackageReference "Sparkle" */,
			);
			preferredProjectObjectVersion = 90;
			productRefGroup = 4FC8890F2F59C09700DC035E /* Products */;
			projectDirPath = "";
			projectRoot = "";
			targets = (
				4FC8890D2F59C09700DC035E /* BusKit */,
			);
		};
/* End PBXProject section */

/* Begin PBXResourcesBuildPhase section */
		4FC8890C2F59C09700DC035E /* Resources */ = {
			isa = PBXResourcesBuildPhase;
			files = (
			);
		};
/* End PBXResourcesBuildPhase section */

/* Begin PBXShellScriptBuildPhase section */
		98A415F9974E4775A4C4E673 /* Inject Sparkle Info.plist Keys */ = {
			isa = PBXShellScriptBuildPhase;
			name = "Inject Sparkle Info.plist Keys";
			shellPath = /bin/bash;
			shellScript = (
				"PLIST=\"${BUILT_PRODUCTS_DIR}/${INFOPLIST_PATH}\"",
				"/usr/libexec/PlistBuddy -c \"Add :SUPublicEDKey string Sfr2nhzdwRKRDA2pvhBFbkMqgYJVhM7Hun7KCqdvLRo=\" \"$PLIST\" 2>/dev/null || /usr/libexec/PlistBuddy -c \"Set :SUPublicEDKey Sfr2nhzdwRKRDA2pvhBFbkMqgYJVhM7Hun7KCqdvLRo=\" \"$PLIST\"",
				"/usr/libexec/PlistBuddy -c \"Add :SUFeedURL string https://raw.githubusercontent.com/pka-fr/BusKit/main/releases/appcast.xml\" \"$PLIST\" 2>/dev/null || /usr/libexec/PlistBuddy -c \"Set :SUFeedURL https://raw.githubusercontent.com/pka-fr/BusKit/main/releases/appcast.xml\" \"$PLIST\"",
				"",
			);
		};
		D56E9D3707B04D03A2FA3ADD /* Build Sidecar */ = {
			isa = PBXShellScriptBuildPhase;
			inputPaths = (
				"$(SRCROOT)/Sidecar/BusKit.Sidecar/BusKit.Sidecar.csproj",
			);
			name = "Build Sidecar";
			outputPaths = (
				"$(BUILT_PRODUCTS_DIR)/$(WRAPPER_NAME)/Contents/Resources/SidecarBin/BusKit.Sidecar",
				"$(BUILT_PRODUCTS_DIR)/$(WRAPPER_NAME)/Contents/Resources/SidecarBin/BusKit.Sidecar.dll",
			);
			shellPath = /bin/bash;
			shellScript = (
				"\"${SRCROOT}/Scripts/build-sidecar.sh\"",
				"",
			);
		};
/* End PBXShellScriptBuildPhase section */

/* Begin PBXSourcesBuildPhase section */
		4FC8890A2F59C09700DC035E /* Sources */ = {
			isa = PBXSourcesBuildPhase;
			files = (
			);
		};
/* End PBXSourcesBuildPhase section */

/* Begin XCBuildConfiguration section */
		4FC889172F59C09800DC035E /* Debug configuration for PBXProject "BusKit" */ = {
			isa = XCBuildConfiguration;
			buildSettings = {
				ALWAYS_SEARCH_USER_PATHS = NO;
				ASSETCATALOG_COMPILER_GENERATE_SWIFT_ASSET_SYMBOL_EXTENSIONS = YES;
				CLANG_ANALYZER_NONNULL = YES;
				CLANG_ANALYZER_NUMBER_OBJECT_CONVERSION = YES_AGGRESSIVE;
				CLANG_CXX_LANGUAGE_STANDARD = "gnu++20";
				CLANG_ENABLE_MODULES = YES;
				CLANG_ENABLE_OBJC_ARC = YES;
				CLANG_ENABLE_OBJC_WEAK = YES;
				CLANG_WARN_BLOCK_CAPTURE_AUTORELEASING = YES;
				CLANG_WARN_BOOL_CONVERSION = YES;
				CLANG_WARN_COMMA = YES;
				CLANG_WARN_CONSTANT_CONVERSION = YES;
				CLANG_WARN_DEPRECATED_OBJC_IMPLEMENTATIONS = YES;
				CLANG_WARN_DIRECT_OBJC_ISA_USAGE = YES_ERROR;
				CLANG_WARN_DOCUMENTATION_COMMENTS = YES;
				CLANG_WARN_EMPTY_BODY = YES;
				CLANG_WARN_ENUM_CONVERSION = YES;
				CLANG_WARN_INFINITE_RECURSION = YES;
				CLANG_WARN_INT_CONVERSION = YES;
				CLANG_WARN_NON_LITERAL_NULL_CONVERSION = YES;
				CLANG_WARN_OBJC_IMPLICIT_RETAIN_SELF = YES;
				CLANG_WARN_OBJC_LITERAL_CONVERSION = YES;
				CLANG_WARN_OBJC_ROOT_CLASS = YES_ERROR;
				CLANG_WARN_QUOTED_INCLUDE_IN_FRAMEWORK_HEADER = YES;
				CLANG_WARN_RANGE_LOOP_ANALYSIS = YES;
				CLANG_WARN_STRICT_PROTOTYPES = YES;
				CLANG_WARN_SUSPICIOUS_MOVE = YES;
				CLANG_WARN_UNGUARDED_AVAILABILITY = YES_AGGRESSIVE;
				CLANG_WARN_UNREACHABLE_CODE = YES;
				CLANG_WARN__DUPLICATE_METHOD_MATCH = YES;
				COPY_PHASE_STRIP = NO;
				DEAD_CODE_STRIPPING = YES;
				DEBUG_INFORMATION_FORMAT = dwarf;
				ENABLE_STRICT_OBJC_MSGSEND = YES;
				ENABLE_TESTABILITY = YES;
				ENABLE_USER_SCRIPT_SANDBOXING = YES;
				GCC_C_LANGUAGE_STANDARD = gnu17;
				GCC_DYNAMIC_NO_PIC = NO;
				GCC_NO_COMMON_BLOCKS = YES;
				GCC_OPTIMIZATION_LEVEL = 0;
				GCC_PREPROCESSOR_DEFINITIONS = (
					"DEBUG=1",
					"$(inherited)",
				);
				GCC_WARN_64_TO_32_BIT_CONVERSION = YES;
				GCC_WARN_ABOUT_RETURN_TYPE = YES_ERROR;
				GCC_WARN_UNDECLARED_SELECTOR = YES;
				GCC_WARN_UNINITIALIZED_AUTOS = YES_AGGRESSIVE;
				GCC_WARN_UNUSED_FUNCTION = YES;
				GCC_WARN_UNUSED_VARIABLE = YES;
				INFOPLIST_KEY_SUPublicEDKey = "Sfr2nhzdwRKRDA2pvhBFbkMqgYJVhM7Hun7KCqdvLRo=";
				LOCALIZATION_PREFERS_STRING_CATALOGS = YES;
				MACOSX_DEPLOYMENT_TARGET = 26.0;
				MTL_ENABLE_DEBUG_INFO = INCLUDE_SOURCE;
				MTL_FAST_MATH = YES;
				ONLY_ACTIVE_ARCH = YES;
				SDKROOT = macosx;
				STRING_CATALOG_GENERATE_SYMBOLS = YES;
				SWIFT_ACTIVE_COMPILATION_CONDITIONS = "DEBUG $(inherited)";
				SWIFT_OPTIMIZATION_LEVEL = "-Onone";
			};
			name = Debug;
		};
		4FC889182F59C09800DC035E /* Release configuration for PBXProject "BusKit" */ = {
			isa = XCBuildConfiguration;
			buildSettings = {
				ALWAYS_SEARCH_USER_PATHS = NO;
				ASSETCATALOG_COMPILER_GENERATE_SWIFT_ASSET_SYMBOL_EXTENSIONS = YES;
				CLANG_ANALYZER_NONNULL = YES;
				CLANG_ANALYZER_NUMBER_OBJECT_CONVERSION = YES_AGGRESSIVE;
				CLANG_CXX_LANGUAGE_STANDARD = "gnu++20";
				CLANG_ENABLE_MODULES = YES;
				CLANG_ENABLE_OBJC_ARC = YES;
				CLANG_ENABLE_OBJC_WEAK = YES;
				CLANG_WARN_BLOCK_CAPTURE_AUTORELEASING = YES;
				CLANG_WARN_BOOL_CONVERSION = YES;
				CLANG_WARN_COMMA = YES;
				CLANG_WARN_CONSTANT_CONVERSION = YES;
				CLANG_WARN_DEPRECATED_OBJC_IMPLEMENTATIONS = YES;
				CLANG_WARN_DIRECT_OBJC_ISA_USAGE = YES_ERROR;
				CLANG_WARN_DOCUMENTATION_COMMENTS = YES;
				CLANG_WARN_EMPTY_BODY = YES;
				CLANG_WARN_ENUM_CONVERSION = YES;
				CLANG_WARN_INFINITE_RECURSION = YES;
				CLANG_WARN_INT_CONVERSION = YES;
				CLANG_WARN_NON_LITERAL_NULL_CONVERSION = YES;
				CLANG_WARN_OBJC_IMPLICIT_RETAIN_SELF = YES;
				CLANG_WARN_OBJC_LITERAL_CONVERSION = YES;
				CLANG_WARN_OBJC_ROOT_CLASS = YES_ERROR;
				CLANG_WARN_QUOTED_INCLUDE_IN_FRAMEWORK_HEADER = YES;
				CLANG_WARN_RANGE_LOOP_ANALYSIS = YES;
				CLANG_WARN_STRICT_PROTOTYPES = YES;
				CLANG_WARN_SUSPICIOUS_MOVE = YES;
				CLANG_WARN_UNGUARDED_AVAILABILITY = YES_AGGRESSIVE;
				CLANG_WARN_UNREACHABLE_CODE = YES;
				CLANG_WARN__DUPLICATE_METHOD_MATCH = YES;
				COPY_PHASE_STRIP = NO;
				DEAD_CODE_STRIPPING = YES;
				DEBUG_INFORMATION_FORMAT = "dwarf-with-dsym";
				ENABLE_NS_ASSERTIONS = NO;
				ENABLE_STRICT_OBJC_MSGSEND = YES;
				ENABLE_USER_SCRIPT_SANDBOXING = YES;
				GCC_C_LANGUAGE_STANDARD = gnu17;
				GCC_NO_COMMON_BLOCKS = YES;
				GCC_WARN_64_TO_32_BIT_CONVERSION = YES;
				GCC_WARN_ABOUT_RETURN_TYPE = YES_ERROR;
				GCC_WARN_UNDECLARED_SELECTOR = YES;
				GCC_WARN_UNINITIALIZED_AUTOS = YES_AGGRESSIVE;
				GCC_WARN_UNUSED_FUNCTION = YES;
				GCC_WARN_UNUSED_VARIABLE = YES;
				INFOPLIST_KEY_SUPublicEDKey = "Sfr2nhzdwRKRDA2pvhBFbkMqgYJVhM7Hun7KCqdvLRo=";
				LOCALIZATION_PREFERS_STRING_CATALOGS = YES;
				MACOSX_DEPLOYMENT_TARGET = 26.0;
				MTL_ENABLE_DEBUG_INFO = NO;
				MTL_FAST_MATH = YES;
				SDKROOT = macosx;
				STRING_CATALOG_GENERATE_SYMBOLS = YES;
				SWIFT_COMPILATION_MODE = wholemodule;
			};
			name = Release;
		};
		4FC8891A2F59C09800DC035E /* Debug configuration for PBXNativeTarget "BusKit" */ = {
			isa = XCBuildConfiguration;
			buildSettings = {
				ASSETCATALOG_COMPILER_APPICON_NAME = AppIcon;
				ASSETCATALOG_COMPILER_GLOBAL_ACCENT_COLOR_NAME = AccentColor;
				CODE_SIGN_STYLE = Automatic;
				COMBINE_HIDPI_IMAGES = YES;
				CURRENT_PROJECT_VERSION = 305;
				DEAD_CODE_STRIPPING = YES;
				ENABLE_APP_SANDBOX = NO;
				ENABLE_PREVIEWS = YES;
				ENABLE_USER_SCRIPT_SANDBOXING = NO;
				ENABLE_USER_SELECTED_FILES = readonly;
				GENERATE_INFOPLIST_FILE = YES;
				INFOPLIST_KEY_CFBundleDisplayName = BusKit;
				INFOPLIST_KEY_LSApplicationCategoryType = "public.app-category.developer-tools";
				INFOPLIST_KEY_NSHumanReadableCopyright = "Peter Karda";
				"INFOPLIST_KEY_NSHumanReadableCopyright[sdk=*]" = "Peter Karda";
				INFOPLIST_KEY_SUFeedURL = "https://raw.githubusercontent.com/pka-fr/BusKit/main/releases/appcast.xml";
				INFOPLIST_KEY_SUPublicEDKey = "Sfr2nhzdwRKRDA2pvhBFbkMqgYJVhM7Hun7KCqdvLRo=";
				LD_RUNPATH_SEARCH_PATHS = (
					"$(inherited)",
					"@executable_path/../Frameworks",
				);
				LIBRARY_SEARCH_PATHS = (
					"$(inherited)",
					"$(PROJECT_DIR)/BusKit/Resources/Sidecar",
				);
				MACOSX_DEPLOYMENT_TARGET = 26.0;
				MARKETING_VERSION = 0.3.5;
				PRODUCT_BUNDLE_IDENTIFIER = PKA.BusKit;
				PRODUCT_NAME = "$(TARGET_NAME)";
				REGISTER_APP_GROUPS = YES;
				STRING_CATALOG_GENERATE_SYMBOLS = YES;
				SWIFT_APPROACHABLE_CONCURRENCY = YES;
				SWIFT_DEFAULT_ACTOR_ISOLATION = nonisolated;
				SWIFT_EMIT_LOC_STRINGS = YES;
				SWIFT_UPCOMING_FEATURE_MEMBER_IMPORT_VISIBILITY = YES;
				SWIFT_VERSION = 5.0;
			};
			name = Debug;
		};
		4FC8891B2F59C09800DC035E /* Release configuration for PBXNativeTarget "BusKit" */ = {
			isa = XCBuildConfiguration;
			buildSettings = {
				ASSETCATALOG_COMPILER_APPICON_NAME = AppIcon;
				ASSETCATALOG_COMPILER_GLOBAL_ACCENT_COLOR_NAME = AccentColor;
				CODE_SIGN_STYLE = Automatic;
				COMBINE_HIDPI_IMAGES = YES;
				CURRENT_PROJECT_VERSION = 305;
				DEAD_CODE_STRIPPING = YES;
				ENABLE_APP_SANDBOX = NO;
				ENABLE_PREVIEWS = YES;
				ENABLE_USER_SCRIPT_SANDBOXING = NO;
				ENABLE_USER_SELECTED_FILES = readonly;
				GENERATE_INFOPLIST_FILE = YES;
				INFOPLIST_KEY_CFBundleDisplayName = BusKit;
				INFOPLIST_KEY_LSApplicationCategoryType = "public.app-category.developer-tools";
				INFOPLIST_KEY_NSHumanReadableCopyright = "Peter Karda";
				"INFOPLIST_KEY_NSHumanReadableCopyright[sdk=*]" = "Peter Karda";
				INFOPLIST_KEY_SUFeedURL = "https://raw.githubusercontent.com/pka-fr/BusKit/main/releases/appcast.xml";
				INFOPLIST_KEY_SUPublicEDKey = "Sfr2nhzdwRKRDA2pvhBFbkMqgYJVhM7Hun7KCqdvLRo=";
				LD_RUNPATH_SEARCH_PATHS = (
					"$(inherited)",
					"@executable_path/../Frameworks",
				);
				LIBRARY_SEARCH_PATHS = (
					"$(inherited)",
					"$(PROJECT_DIR)/BusKit/Resources/Sidecar",
				);
				MACOSX_DEPLOYMENT_TARGET = 26.0;
				MARKETING_VERSION = 0.3.5;
				PRODUCT_BUNDLE_IDENTIFIER = PKA.BusKit;
				PRODUCT_NAME = "$(TARGET_NAME)";
				REGISTER_APP_GROUPS = YES;
				STRING_CATALOG_GENERATE_SYMBOLS = YES;
				SWIFT_APPROACHABLE_CONCURRENCY = YES;
				SWIFT_DEFAULT_ACTOR_ISOLATION = nonisolated;
				SWIFT_EMIT_LOC_STRINGS = YES;
				SWIFT_UPCOMING_FEATURE_MEMBER_IMPORT_VISIBILITY = YES;
				SWIFT_VERSION = 5.0;
			};
			name = Release;
		};
/* End XCBuildConfiguration section */

/* Begin XCConfigurationList section */
		4FC889092F59C09700DC035E /* Build configuration list for PBXProject "BusKit" */ = {
			isa = XCConfigurationList;
			buildConfigurations = (
				4FC889172F59C09800DC035E /* Debug configuration for PBXProject "BusKit" */,
				4FC889182F59C09800DC035E /* Release configuration for PBXProject "BusKit" */,
			);
			defaultConfigurationName = Release;
		};
		4FC889192F59C09800DC035E /* Build configuration list for PBXNativeTarget "BusKit" */ = {
			isa = XCConfigurationList;
			buildConfigurations = (
				4FC8891A2F59C09800DC035E /* Debug configuration for PBXNativeTarget "BusKit" */,
				4FC8891B2F59C09800DC035E /* Release configuration for PBXNativeTarget "BusKit" */,
			);
			defaultConfigurationName = Release;
		};
/* End XCConfigurationList section */

/* Begin XCRemoteSwiftPackageReference section */
		4FC8893D2F5AC17000DC035E /* XCRemoteSwiftPackageReference "grpc-swift-2" */ = {
			isa = XCRemoteSwiftPackageReference;
			repositoryURL = "https://github.com/grpc/grpc-swift-2.git";
			requirement = {
				kind = upToNextMajorVersion;
				minimumVersion = 2.2.1;
			};
		};
		4FC889402F5AC1C900DC035E /* XCRemoteSwiftPackageReference "grpc-swift-protobuf" */ = {
			isa = XCRemoteSwiftPackageReference;
			repositoryURL = "https://github.com/grpc/grpc-swift-protobuf.git";
			requirement = {
				kind = upToNextMajorVersion;
				minimumVersion = 2.2.0;
			};
		};
		4FC889432F5AC22300DC035E /* XCRemoteSwiftPackageReference "grpc-swift-nio-transport" */ = {
			isa = XCRemoteSwiftPackageReference;
			repositoryURL = "https://github.com/grpc/grpc-swift-nio-transport.git";
			requirement = {
				kind = exactVersion;
				version = 2.4.5;
			};
		};
		AABB00012222333344445555 /* XCRemoteSwiftPackageReference "Sparkle" */ = {
			isa = XCRemoteSwiftPackageReference;
			repositoryURL = "https://github.com/sparkle-project/Sparkle.git";
			requirement = {
				kind = upToNextMajorVersion;
				minimumVersion = 2.0.0;
			};
		};
/* End XCRemoteSwiftPackageReference section */

/* Begin XCSwiftPackageProductDependency section */
		4FC8893E2F5AC17000DC035E /* GRPCCore */ = {
			isa = XCSwiftPackageProductDependency;
			package = 4FC8893D2F5AC17000DC035E /* XCRemoteSwiftPackageReference "grpc-swift-2" */;
			productName = GRPCCore;
		};
		4FC889412F5AC1C900DC035E /* GRPCProtobuf */ = {
			isa = XCSwiftPackageProductDependency;
			package = 4FC889402F5AC1C900DC035E /* XCRemoteSwiftPackageReference "grpc-swift-protobuf" */;
			productName = GRPCProtobuf;
		};
		4FC889442F5AC22300DC035E /* GRPCNIOTransportHTTP2 */ = {
			isa = XCSwiftPackageProductDependency;
			package = 4FC889432F5AC22300DC035E /* XCRemoteSwiftPackageReference "grpc-swift-nio-transport" */;
			productName = GRPCNIOTransportHTTP2;
		};
		AABB00032222333344445555 /* Sparkle */ = {
			isa = XCSwiftPackageProductDependency;
			package = AABB00012222333344445555 /* XCRemoteSwiftPackageReference "Sparkle" */;
			productName = Sparkle;
		};
/* End XCSwiftPackageProductDependency section */
	};
	rootObject = 4FC889062F59C09700DC035E /* Project object */;
}
